// !$*UTF8*$!
{
	archiveVersion = 1;
	classes = {
	};
	objectVersion = 50;
	objects = {

/* Begin PBXBuildFile section */
		62365C1623EC357100754BF9 /* AppDelegate.swift in Sources */ = {isa = PBXBuildFile; fileRef = 62365C1523EC357100754BF9 /* AppDelegate.swift */; };
		62365C1823EC357100754BF9 /* SceneDelegate.swift in Sources */ = {isa = PBXBuildFile; fileRef = 62365C1723EC357100754BF9 /* SceneDelegate.swift */; };
		62365C1A23EC357100754BF9 /* ViewController.swift in Sources */ = {isa = PBXBuildFile; fileRef = 62365C1923EC357100754BF9 /* ViewController.swift */; };
		62365C1D23EC357100754BF9 /* Main.storyboard in Resources */ = {isa = PBXBuildFile; fileRef = 62365C1B23EC357100754BF9 /* Main.storyboard */; };
		62365C1F23EC357200754BF9 /* Assets.xcassets in Resources */ = {isa = PBXBuildFile; fileRef = 62365C1E23EC357200754BF9 /* Assets.xcassets */; };
		62365C2223EC357200754BF9 /* LaunchScreen.storyboard in Resources */ = {isa = PBXBuildFile; fileRef = 62365C2023EC357200754BF9 /* LaunchScreen.storyboard */; };
		62365C2D23EC357200754BF9 /* WorkrecTests.swift in Sources */ = {isa = PBXBuildFile; fileRef = 62365C2C23EC357200754BF9 /* WorkrecTests.swift */; };
		62365C3823EC357200754BF9 /* WorkrecUITests.swift in Sources */ = {isa = PBXBuildFile; fileRef = 62365C3723EC357200754BF9 /* WorkrecUITests.swift */; };
/* End PBXBuildFile section */

/* Begin PBXContainerItemProxy section */
		62365C2923EC357200754BF9 /* PBXContainerItemProxy */ = {
			isa = PBXContainerItemProxy;
			containerPortal = 62365C0A23EC357100754BF9 /* Project object */;
			proxyType = 1;
			remoteGlobalIDString = 62365C1123EC357100754BF9;
			remoteInfo = Workrec;
		};
		62365C3423EC357200754BF9 /* PBXContainerItemProxy */ = {
			isa = PBXContainerItemProxy;
			containerPortal = 62365C0A23EC357100754BF9 /* Project object */;
			proxyType = 1;
			remoteGlobalIDString = 62365C1123EC357100754BF9;
			remoteInfo = Workrec;
		};
/* End PBXContainerItemProxy section */

/* Begin PBXFileReference section */
		62365C1223EC357100754BF9 /* Workrec.app */ = {isa = PBXFileReference; explicitFileType = wrapper.application; includeInIndex = 0; path = Workrec.app; sourceTree = BUILT_PRODUCTS_DIR; };
		62365C1523EC357100754BF9 /* AppDelegate.swift */ = {isa = PBXFileReference; lastKnownFileType = sourcecode.swift; path = AppDelegate.swift; sourceTree = "<group>"; };
		62365C1723EC357100754BF9 /* SceneDelegate.swift */ = {isa = PBXFileReference; lastKnownFileType = sourcecode.swift; path = SceneDelegate.swift; sourceTree = "<group>"; };
		62365C1923EC357100754BF9 /* ViewController.swift */ = {isa = PBXFileReference; lastKnownFileType = sourcecode.swift; path = ViewController.swift; sourceTree = "<group>"; };
		62365C1C23EC357100754BF9 /* Base */ = {isa = PBXFileReference; lastKnownFileType = file.storyboard; name = Base; path = Base.lproj/Main.storyboard; sourceTree = "<group>"; };
		62365C1E23EC357200754BF9 /* Assets.xcassets */ = {isa = PBXFileReference; lastKnownFileType = folder.assetcatalog; path = Assets.xcassets; sourceTree = "<group>"; };
		62365C2123EC357200754BF9 /* Base */ = {isa = PBXFileReference; lastKnownFileType = file.storyboard; name = Base; path = Base.lproj/LaunchScreen.storyboard; sourceTree = "<group>"; };
		62365C2323EC357200754BF9 /* Info.plist */ = {isa = PBXFileReference; lastKnownFileType = text.plist.xml; path = Info.plist; sourceTree = "<group>"; };
		62365C2823EC357200754BF9 /* WorkrecTests.xctest */ = {isa = PBXFileReference; explicitFileType = wrapper.cfbundle; includeInIndex = 0; path = WorkrecTests.xctest; sourceTree = BUILT_PRODUCTS_DIR; };
		62365C2C23EC357200754BF9 /* WorkrecTests.swift */ = {isa = PBXFileReference; lastKnownFileType = sourcecode.swift; path = WorkrecTests.swift; sourceTree = "<group>"; };
		62365C2E23EC357200754BF9 /* Info.plist */ = {isa = PBXFileReference; lastKnownFileType = text.plist.xml; path = Info.plist; sourceTree = "<group>"; };
		62365C3323EC357200754BF9 /* WorkrecUITests.xctest */ = {isa = PBXFileReference; explicitFileType = wrapper.cfbundle; includeInIndex = 0; path = WorkrecUITests.xctest; sourceTree = BUILT_PRODUCTS_DIR; };
		62365C3723EC357200754BF9 /* WorkrecUITests.swift */ = {isa = PBXFileReference; lastKnownFileType = sourcecode.swift; path = WorkrecUITests.swift; sourceTree = "<group>"; };
		62365C3923EC357200754BF9 /* Info.plist */ = {isa = PBXFileReference; lastKnownFileType = text.plist.xml; path = Info.plist; sourceTree = "<group>"; };
/* End PBXFileReference section */

/* Begin PBXFrameworksBuildPhase section */
		62365C0F23EC357100754BF9 /* Frameworks */ = {
			isa = PBXFrameworksBuildPhase;
			buildActionMask = 2147483647;
			files = (
			);
			runOnlyForDeploymentPostprocessing = 0;
		};
		62365C2523EC357200754BF9 /* Frameworks */ = {
			isa = PBXFrameworksBuildPhase;
			buildActionMask = 2147483647;
			files = (
			);
			runOnlyForDeploymentPostprocessing = 0;
		};
		62365C3023EC357200754BF9 /* Frameworks */ = {
			isa = PBXFrameworksBuildPhase;
			buildActionMask = 2147483647;
			files = (
			);
			runOnlyForDeploymentPostprocessing = 0;
		};
/* End PBXFrameworksBuildPhase section */

/* Begin PBXGroup section */
		62365C0923EC357100754BF9 = {
			isa = PBXGroup;
			children = (
				62365C1423EC357100754BF9 /* Workrec */,
				62365C2B23EC357200754BF9 /* WorkrecTests */,
				62365C3623EC357200754BF9 /* WorkrecUITests */,
				62365C1323EC357100754BF9 /* Products */,
			);
			sourceTree = "<group>";
		};
		62365C1323EC357100754BF9 /* Products */ = {
			isa = PBXGroup;
			children = (
				62365C1223EC357100754BF9 /* Workrec.app */,
				62365C2823EC357200754BF9 /* WorkrecTests.xctest */,
				62365C3323EC357200754BF9 /* WorkrecUITests.xctest */,
			);
			name = Products;
			sourceTree = "<group>";
		};
		62365C1423EC357100754BF9 /* Workrec */ = {
			isa = PBXGroup;
			children = (
				62365C1523EC357100754BF9 /* AppDelegate.swift */,
				62365C1723EC357100754BF9 /* SceneDelegate.swift */,
				62365C1923EC357100754BF9 /* ViewController.swift */,
				62365C1B23EC357100754BF9 /* Main.storyboard */,
				62365C1E23EC357200754BF9 /* Assets.xcassets */,
				62365C2023EC357200754BF9 /* LaunchScreen.storyboard */,
				62365C2323EC357200754BF9 /* Info.plist */,
			);
			path = Workrec;
			sourceTree = "<group>";
		};
		62365C2B23EC357200754BF9 /* WorkrecTests */ = {
			isa = PBXGroup;
			children = (
				62365C2C23EC357200754BF9 /* WorkrecTests.swift */,
				62365C2E23EC357200754BF9 /* Info.plist */,
			);
			path = WorkrecTests;
			sourceTree = "<group>";
		};
		62365C3623EC357200754BF9 /* WorkrecUITests */ = {
			isa = PBXGroup;
			children = (
				62365C3723EC357200754BF9 /* WorkrecUITests.swift */,
				62365C3923EC357200754BF9 /* Info.plist */,
			);
			path = WorkrecUITests;
			sourceTree = "<group>";
		};
/* End PBXGroup section */

/* Begin PBXNativeTarget section */
		62365C1123EC357100754BF9 /* Workrec */ = {
			isa = PBXNativeTarget;
			buildConfigurationList = 62365C3C23EC357200754BF9 /* Build configuration list for PBXNativeTarget "Workrec" */;
			buildPhases = (
				62365C0E23EC357100754BF9 /* Sources */,
				62365C0F23EC357100754BF9 /* Frameworks */,
				62365C1023EC357100754BF9 /* Resources */,
			);
			buildRules = (
			);
			dependencies = (
			);
			name = Workrec;
			productName = Workrec;
			productReference = 62365C1223EC357100754BF9 /* Workrec.app */;
			productType = "com.apple.product-type.application";
		};
		62365C2723EC357200754BF9 /* WorkrecTests */ = {
			isa = PBXNativeTarget;
			buildConfigurationList = 62365C3F23EC357200754BF9 /* Build configuration list for PBXNativeTarget "WorkrecTests" */;
			buildPhases = (
				62365C2423EC357200754BF9 /* Sources */,
				62365C2523EC357200754BF9 /* Frameworks */,
				62365C2623EC357200754BF9 /* Resources */,
			);
			buildRules = (
			);
			dependencies = (
				62365C2A23EC357200754BF9 /* PBXTargetDependency */,
			);
			name = WorkrecTests;
			productName = WorkrecTests;
			productReference = 62365C2823EC357200754BF9 /* WorkrecTests.xctest */;
			productType = "com.apple.product-type.bundle.unit-test";
		};
		62365C3223EC357200754BF9 /* WorkrecUITests */ = {
			isa = PBXNativeTarget;
			buildConfigurationList = 62365C4223EC357200754BF9 /* Build configuration list for PBXNativeTarget "WorkrecUITests" */;
			buildPhases = (
				62365C2F23EC357200754BF9 /* Sources */,
				62365C3023EC357200754BF9 /* Frameworks */,
				62365C3123EC357200754BF9 /* Resources */,
			);
			buildRules = (
			);
			dependencies = (
				62365C3523EC357200754BF9 /* PBXTargetDependency */,
			);
			name = WorkrecUITests;
			productName = WorkrecUITests;
			productReference = 62365C3323EC357200754BF9 /* WorkrecUITests.xctest */;
			productType = "com.apple.product-type.bundle.ui-testing";
		};
/* End PBXNativeTarget section */

/* Begin PBXProject section */
		62365C0A23EC357100754BF9 /* Project object */ = {
			isa = PBXProject;
			attributes = {
				LastSwiftUpdateCheck = 1130;
				LastUpgradeCheck = 1130;
				TargetAttributes = {
					62365C1123EC357100754BF9 = {
						CreatedOnToolsVersion = 11.3.1;
					};
					62365C2723EC357200754BF9 = {
						CreatedOnToolsVersion = 11.3.1;
						TestTargetID = 62365C1123EC357100754BF9;
					};
					62365C3223EC357200754BF9 = {
						CreatedOnToolsVersion = 11.3.1;
						TestTargetID = 62365C1123EC357100754BF9;
					};
				};
			};
			buildConfigurationList = 62365C0D23EC357100754BF9 /* Build configuration list for PBXProject "Workrec" */;
			compatibilityVersion = "Xcode 9.3";
			developmentRegion = en;
			hasScannedForEncodings = 0;
			knownRegions = (
				en,
				Base,
			);
			mainGroup = 62365C0923EC357100754BF9;
			productRefGroup = 62365C1323EC357100754BF9 /* Products */;
			projectDirPath = "";
			projectRoot = "";
			targets = (
				62365C1123EC357100754BF9 /* Workrec */,
				62365C2723EC357200754BF9 /* WorkrecTests */,
				62365C3223EC357200754BF9 /* WorkrecUITests */,
			);
		};
/* End PBXProject section */

/* Begin PBXResourcesBuildPhase section */
		62365C1023EC357100754BF9 /* Resources */ = {
			isa = PBXResourcesBuildPhase;
			buildActionMask = 2147483647;
			files = (
				62365C2223EC357200754BF9 /* LaunchScreen.storyboard in Resources */,
				62365C1F23EC357200754BF9 /* Assets.xcassets in Resources */,
				62365C1D23EC357100754BF9 /* Main.storyboard in Resources */,
			);
			runOnlyForDeploymentPostprocessing = 0;
		};
		62365C2623EC357200754BF9 /* Resources */ = {
			isa = PBXResourcesBuildPhase;
			buildActionMask = 2147483647;
			files = (
			);
			runOnlyForDeploymentPostprocessing = 0;
		};
		62365C3123EC357200754BF9 /* Resources */ = {
			isa = PBXResourcesBuildPhase;
			buildActionMask = 2147483647;
			files = (
			);
			runOnlyForDeploymentPostprocessing = 0;
		};
/* End PBXResourcesBuildPhase section */

/* Begin PBXSourcesBuildPhase section */
		62365C0E23EC357100754BF9 /* Sources */ = {
			isa = PBXSourcesBuildPhase;
			buildActionMask = 2147483647;
			files = (
				62365C1A23EC357100754BF9 /* ViewController.swift in Sources */,
				62365C1623EC357100754BF9 /* AppDelegate.swift in Sources */,
				62365C1823EC357100754BF9 /* SceneDelegate.swift in Sources */,
			);
			runOnlyForDeploymentPostprocessing = 0;
		};
		62365C2423EC357200754BF9 /* Sources */ = {
			isa = PBXSourcesBuildPhase;
			buildActionMask = 2147483647;
			files = (
				62365C2D23EC357200754BF9 /* WorkrecTests.swift in Sources */,
			);
			runOnlyForDeploymentPostprocessing = 0;
		};
		62365C2F23EC357200754BF9 /* Sources */ = {
			isa = PBXSourcesBuildPhase;
			buildActionMask = 2147483647;
			files = (
				62365C3823EC357200754BF9 /* WorkrecUITests.swift in Sources */,
			);
			runOnlyForDeploymentPostprocessing = 0;
		};
/* End PBXSourcesBuildPhase section */

/* Begin PBXTargetDependency section */
		62365C2A23EC357200754BF9 /* PBXTargetDependency */ = {
			isa = PBXTargetDependency;
			target = 62365C1123EC357100754BF9 /* Workrec */;
			targetProxy = 62365C2923EC357200754BF9 /* PBXContainerItemProxy */;
		};
		62365C3523EC357200754BF9 /* PBXTargetDependency */ = {
			isa = PBXTargetDependency;
			target = 62365C1123EC357100754BF9 /* Workrec */;
			targetProxy = 62365C3423EC357200754BF9 /* PBXContainerItemProxy */;
		};
/* End PBXTargetDependency section */

/* Begin PBXVariantGroup section */
		62365C1B23EC357100754BF9 /* Main.storyboard */ = {
			isa = PBXVariantGroup;
			children = (
				62365C1C23EC357100754BF9 /* Base */,
			);
			name = Main.storyboard;
			sourceTree = "<group>";
		};
		62365C2023EC357200754BF9 /* LaunchScreen.storyboard */ = {
			isa = PBXVariantGroup;
			children = (
				62365C2123EC357200754BF9 /* Base */,
			);
			name = LaunchScreen.storyboard;
			sourceTree = "<group>";
		};
/* End PBXVariantGroup section */

/* Begin XCBuildConfiguration section */
		62365C3A23EC357200754BF9 /* Debug */ = {
			isa = XCBuildConfiguration;
			buildSettings = {
				ALWAYS_SEARCH_USER_PATHS = NO;
				CLANG_ANALYZER_NONNULL = YES;
				CLANG_ANALYZER_NUMBER_OBJECT_CONVERSION = YES_AGGRESSIVE;
				CLANG_CXX_LANGUAGE_STANDARD = "gnu++14";
				CLANG_CXX_LIBRARY = "libc++";
				CLANG_ENABLE_MODULES = YES;
				CLANG_ENABLE_OBJC_ARC = YES;
				CLANG_ENABLE_OBJC_WEAK = YES;
				CLANG_WARN_BLOCK_CAPTURE_AUTORELEASING = YES;
				CLANG_WARN_BOOL_CONVERSION = YES;
				CLANG_WARN_COMMA = YES;
				CLANG_WARN_CONSTANT_CONVERSION = YES;
				CLANG_WARN_DEPRECATED_OBJC_IMPLEMENTATIONS = YES;
				CLANG_WARN_DIRECT_OBJC_ISA_USAGE = YES_ERROR;
				CLANG_WARN_DOCUMENTATION_COMMENTS = YES;
				CLANG_WARN_EMPTY_BODY = YES;
				CLANG_WARN_ENUM_CONVERSION = YES;
				CLANG_WARN_INFINITE_RECURSION = YES;
				CLANG_WARN_INT_CONVERSION = YES;
				CLANG_WARN_NON_LITERAL_NULL_CONVERSION = YES;
				CLANG_WARN_OBJC_IMPLICIT_RETAIN_SELF = YES;
				CLANG_WARN_OBJC_LITERAL_CONVERSION = YES;
				CLANG_WARN_OBJC_ROOT_CLASS = YES_ERROR;
				CLANG_WARN_RANGE_LOOP_ANALYSIS = YES;
				CLANG_WARN_STRICT_PROTOTYPES = YES;
				CLANG_WARN_SUSPICIOUS_MOVE = YES;
				CLANG_WARN_UNGUARDED_AVAILABILITY = YES_AGGRESSIVE;
				CLANG_WARN_UNREACHABLE_CODE = YES;
				CLANG_WARN__DUPLICATE_METHOD_MATCH = YES;
				COPY_PHASE_STRIP = NO;
				DEBUG_INFORMATION_FORMAT = dwarf;
				ENABLE_STRICT_OBJC_MSGSEND = YES;
				ENABLE_TESTABILITY = YES;
				GCC_C_LANGUAGE_STANDARD = gnu11;
				GCC_DYNAMIC_NO_PIC = NO;
				GCC_NO_COMMON_BLOCKS = YES;
				GCC_OPTIMIZATION_LEVEL = 0;
				GCC_PREPROCESSOR_DEFINITIONS = (
					"DEBUG=1",
					"$(inherited)",
				);
				GCC_WARN_64_TO_32_BIT_CONVERSION = YES;
				GCC_WARN_ABOUT_RETURN_TYPE = YES_ERROR;
				GCC_WARN_UNDECLARED_SELECTOR = YES;
				GCC_WARN_UNINITIALIZED_AUTOS = YES_AGGRESSIVE;
				GCC_WARN_UNUSED_FUNCTION = YES;
				GCC_WARN_UNUSED_VARIABLE = YES;
				IPHONEOS_DEPLOYMENT_TARGET = 13.2;
				MTL_ENABLE_DEBUG_INFO = INCLUDE_SOURCE;
				MTL_FAST_MATH = YES;
				ONLY_ACTIVE_ARCH = YES;
				SDKROOT = iphoneos;
				SWIFT_ACTIVE_COMPILATION_CONDITIONS = DEBUG;
				SWIFT_OPTIMIZATION_LEVEL = "-Onone";
			};
			name = Debug;
		};
		62365C3B23EC357200754BF9 /* Release */ = {
			isa = XCBuildConfiguration;
			buildSettings = {
				ALWAYS_SEARCH_USER_PATHS = NO;
				CLANG_ANALYZER_NONNULL = YES;
				CLANG_ANALYZER_NUMBER_OBJECT_CONVERSION = YES_AGGRESSIVE;
				CLANG_CXX_LANGUAGE_STANDARD = "gnu++14";
				CLANG_CXX_LIBRARY = "libc++";
				CLANG_ENABLE_MODULES = YES;
				CLANG_ENABLE_OBJC_ARC = YES;
				CLANG_ENABLE_OBJC_WEAK = YES;
				CLANG_WARN_BLOCK_CAPTURE_AUTORELEASING = YES;
				CLANG_WARN_BOOL_CONVERSION = YES;
				CLANG_WARN_COMMA = YES;
				CLANG_WARN_CONSTANT_CONVERSION = YES;
				CLANG_WARN_DEPRECATED_OBJC_IMPLEMENTATIONS = YES;
				CLANG_WARN_DIRECT_OBJC_ISA_USAGE = YES_ERROR;
				CLANG_WARN_DOCUMENTATION_COMMENTS = YES;
				CLANG_WARN_EMPTY_BODY = YES;
				CLANG_WARN_ENUM_CONVERSION = YES;
				CLANG_WARN_INFINITE_RECURSION = YES;
				CLANG_WARN_INT_CONVERSION = YES;
				CLANG_WARN_NON_LITERAL_NULL_CONVERSION = YES;
				CLANG_WARN_OBJC_IMPLICIT_RETAIN_SELF = YES;
				CLANG_WARN_OBJC_LITERAL_CONVERSION = YES;
				CLANG_WARN_OBJC_ROOT_CLASS = YES_ERROR;
				CLANG_WARN_RANGE_LOOP_ANALYSIS = YES;
				CLANG_WARN_STRICT_PROTOTYPES = YES;
				CLANG_WARN_SUSPICIOUS_MOVE = YES;
				CLANG_WARN_UNGUARDED_AVAILABILITY = YES_AGGRESSIVE;
				CLANG_WARN_UNREACHABLE_CODE = YES;
				CLANG_WARN__DUPLICATE_METHOD_MATCH = YES;
				COPY_PHASE_STRIP = NO;
				DEBUG_INFORMATION_FORMAT = "dwarf-with-dsym";
				ENABLE_NS_ASSERTIONS = NO;
				ENABLE_STRICT_OBJC_MSGSEND = YES;
				GCC_C_LANGUAGE_STANDARD = gnu11;
				GCC_NO_COMMON_BLOCKS = YES;
				GCC_WARN_64_TO_32_BIT_CONVERSION = YES;
				GCC_WARN_ABOUT_RETURN_TYPE = YES_ERROR;
				GCC_WARN_UNDECLARED_SELECTOR = YES;
				GCC_WARN_UNINITIALIZED_AUTOS = YES_AGGRESSIVE;
				GCC_WARN_UNUSED_FUNCTION = YES;
				GCC_WARN_UNUSED_VARIABLE = YES;
				IPHONEOS_DEPLOYMENT_TARGET = 13.2;
				MTL_ENABLE_DEBUG_INFO = NO;
				MTL_FAST_MATH = YES;
				SDKROOT = iphoneos;
				SWIFT_COMPILATION_MODE = wholemodule;
				SWIFT_OPTIMIZATION_LEVEL = "-O";
				VALIDATE_PRODUCT = YES;
			};
			name = Release;
		};
		62365C3D23EC357200754BF9 /* Debug */ = {
			isa = XCBuildConfiguration;
			buildSettings = {
				ASSETCATALOG_COMPILER_APPICON_NAME = AppIcon;
				CODE_SIGN_STYLE = Automatic;
				DEVELOPMENT_TEAM = Y89RR7VQFA;
				INFOPLIST_FILE = Workrec/Info.plist;
				LD_RUNPATH_SEARCH_PATHS = (
					"$(inherited)",
					"@executable_path/Frameworks",
				);
				PRODUCT_BUNDLE_IDENTIFIER = dev.j.ishida.Workrec;
				PRODUCT_NAME = "$(TARGET_NAME)";
				SWIFT_VERSION = 5.0;
				TARGETED_DEVICE_FAMILY = "1,2";
			};
			name = Debug;
		};
		62365C3E23EC357200754BF9 /* Release */ = {
			isa = XCBuildConfiguration;
			buildSettings = {
				ASSETCATALOG_COMPILER_APPICON_NAME = AppIcon;
				CODE_SIGN_STYLE = Automatic;
				DEVELOPMENT_TEAM = Y89RR7VQFA;
				INFOPLIST_FILE = Workrec/Info.plist;
				LD_RUNPATH_SEARCH_PATHS = (
					"$(inherited)",
					"@executable_path/Frameworks",
				);
				PRODUCT_BUNDLE_IDENTIFIER = dev.j.ishida.Workrec;
				PRODUCT_NAME = "$(TARGET_NAME)";
				SWIFT_VERSION = 5.0;
				TARGETED_DEVICE_FAMILY = "1,2";
			};
			name = Release;
		};
		62365C4023EC357200754BF9 /* Debug */ = {
			isa = XCBuildConfiguration;
			buildSettings = {
				ALWAYS_EMBED_SWIFT_STANDARD_LIBRARIES = YES;
				BUNDLE_LOADER = "$(TEST_HOST)";
				CODE_SIGN_STYLE = Automatic;
				DEVELOPMENT_TEAM = Y89RR7VQFA;
				INFOPLIST_FILE = WorkrecTests/Info.plist;
				IPHONEOS_DEPLOYMENT_TARGET = 13.2;
				LD_RUNPATH_SEARCH_PATHS = (
					"$(inherited)",
					"@executable_path/Frameworks",
					"@loader_path/Frameworks",
				);
				PRODUCT_BUNDLE_IDENTIFIER = dev.j.ishida.WorkrecTests;
				PRODUCT_NAME = "$(TARGET_NAME)";
				SWIFT_VERSION = 5.0;
				TARGETED_DEVICE_FAMILY = "1,2";
				TEST_HOST = "$(BUILT_PRODUCTS_DIR)/Workrec.app/Workrec";
			};
			name = Debug;
		};
		62365C4123EC357200754BF9 /* Release */ = {
			isa = XCBuildConfiguration;
			buildSettings = {
				ALWAYS_EMBED_SWIFT_STANDARD_LIBRARIES = YES;
				BUNDLE_LOADER = "$(TEST_HOST)";
				CODE_SIGN_STYLE = Automatic;
				DEVELOPMENT_TEAM = Y89RR7VQFA;
				INFOPLIST_FILE = WorkrecTests/Info.plist;
				IPHONEOS_DEPLOYMENT_TARGET = 13.2;
				LD_RUNPATH_SEARCH_PATHS = (
					"$(inherited)",
					"@executable_path/Frameworks",
					"@loader_path/Frameworks",
				);
				PRODUCT_BUNDLE_IDENTIFIER = dev.j.ishida.WorkrecTests;
				PRODUCT_NAME = "$(TARGET_NAME)";
				SWIFT_VERSION = 5.0;
				TARGETED_DEVICE_FAMILY = "1,2";
				TEST_HOST = "$(BUILT_PRODUCTS_DIR)/Workrec.app/Workrec";
			};
			name = Release;
		};
		62365C4323EC357200754BF9 /* Debug */ = {
			isa = XCBuildConfiguration;
			buildSettings = {
				ALWAYS_EMBED_SWIFT_STANDARD_LIBRARIES = YES;
				CODE_SIGN_STYLE = Automatic;
				DEVELOPMENT_TEAM = Y89RR7VQFA;
				INFOPLIST_FILE = WorkrecUITests/Info.plist;
				LD_RUNPATH_SEARCH_PATHS = (
					"$(inherited)",
					"@executable_path/Frameworks",
					"@loader_path/Frameworks",
				);
				PRODUCT_BUNDLE_IDENTIFIER = dev.j.ishida.WorkrecUITests;
				PRODUCT_NAME = "$(TARGET_NAME)";
				SWIFT_VERSION = 5.0;
				TARGETED_DEVICE_FAMILY = "1,2";
				TEST_TARGET_NAME = Workrec;
			};
			name = Debug;
		};
		62365C4423EC357200754BF9 /* Release */ = {
			isa = XCBuildConfiguration;
			buildSettings = {
				ALWAYS_EMBED_SWIFT_STANDARD_LIBRARIES = YES;
				CODE_SIGN_STYLE = Automatic;
				DEVELOPMENT_TEAM = Y89RR7VQFA;
				INFOPLIST_FILE = WorkrecUITests/Info.plist;
				LD_RUNPATH_SEARCH_PATHS = (
					"$(inherited)",
					"@executable_path/Frameworks",
					"@loader_path/Frameworks",
				);
				PRODUCT_BUNDLE_IDENTIFIER = dev.j.ishida.WorkrecUITests;
				PRODUCT_NAME = "$(TARGET_NAME)";
				SWIFT_VERSION = 5.0;
				TARGETED_DEVICE_FAMILY = "1,2";
				TEST_TARGET_NAME = Workrec;
			};
			name = Release;
		};
/* End XCBuildConfiguration section */

/* Begin XCConfigurationList section */
		62365C0D23EC357100754BF9 /* Build configuration list for PBXProject "Workrec" */ = {
			isa = XCConfigurationList;
			buildConfigurations = (
				62365C3A23EC357200754BF9 /* Debug */,
				62365C3B23EC357200754BF9 /* Release */,
			);
			defaultConfigurationIsVisible = 0;
			defaultConfigurationName = Release;
		};
		62365C3C23EC357200754BF9 /* Build configuration list for PBXNativeTarget "Workrec" */ = {
			isa = XCConfigurationList;
			buildConfigurations = (
				62365C3D23EC357200754BF9 /* Debug */,
				62365C3E23EC357200754BF9 /* Release */,
			);
			defaultConfigurationIsVisible = 0;
			defaultConfigurationName = Release;
		};
		62365C3F23EC357200754BF9 /* Build configuration list for PBXNativeTarget "WorkrecTests" */ = {
			isa = XCConfigurationList;
			buildConfigurations = (
				62365C4023EC357200754BF9 /* Debug */,
				62365C4123EC357200754BF9 /* Release */,
			);
			defaultConfigurationIsVisible = 0;
			defaultConfigurationName = Release;
		};
		62365C4223EC357200754BF9 /* Build configuration list for PBXNativeTarget "WorkrecUITests" */ = {
			isa = XCConfigurationList;
			buildConfigurations = (
				62365C4323EC357200754BF9 /* Debug */,
				62365C4423EC357200754BF9 /* Release */,
			);
			defaultConfigurationIsVisible = 0;
			defaultConfigurationName = Release;
		};
/* End XCConfigurationList section */
	};
	rootObject = 62365C0A23EC357100754BF9 /* Project object */;
}
